{
  "name": "aids",
  "version": "1.0.0",
  "lockfileVersion": 1,
  "requires": true,
  "dependencies": {
    "node-record-lpcm16": {
      "version": "0.3.1",
      "resolved": "https://registry.npmjs.org/node-record-lpcm16/-/node-record-lpcm16-0.3.1.tgz",
      "integrity": "sha512-Mmsu7//hdbMEsaoWDqoC/chJIZHtYXzYq6GRMfIMA0mu+fc5bIh9eEMi4fHLYbQB3M4orbbf7cM4crvHTeqlfg=="
    }
  }
}
